
Microsoft Visual Studio Solution File, Format Version 12.00
# Visual Studio 2012
Project("{FAE04EC0-301F-11D3-BF4B-00C04F79EFBC}") = "Bodo", "Source\Bodo\Bodo.csproj", "{B4CCDB4B-6953-4E2F-B375-03F3C384F207}"
EndProject
Global
	GlobalSection(SolutionConfigurationPlatforms) = preSolution
		Debug|iPhoneSimulator = Debug|iPhoneSimulator
		Release|iPhoneSimulator = Release|iPhoneSimulator
		Debug|iPhone = Debug|iPhone
		Release|iPhone = Release|iPhone
		Ad-Hoc|iPhone = Ad-Hoc|iPhone
		AppStore|iPhone = AppStore|iPhone
	EndGlobalSection
	GlobalSection(ProjectConfigurationPlatforms) = postSolution
		{B4CCDB4B-6953-4E2F-B375-03F3C384F207}.Ad-Hoc|iPhone.ActiveCfg = Ad-Hoc|iPhone
		{B4CCDB4B-6953-4E2F-B375-03F3C384F207}.Ad-Hoc|iPhone.Build.0 = Ad-Hoc|iPhone
		{B4CCDB4B-6953-4E2F-B375-03F3C384F207}.AppStore|iPhone.ActiveCfg = AppStore|iPhone
		{B4CCDB4B-6953-4E2F-B375-03F3C384F207}.AppStore|iPhone.Build.0 = AppStore|iPhone
		{B4CCDB4B-6953-4E2F-B375-03F3C384F207}.Debug|iPhone.ActiveCfg = Debug|iPhone
		{B4CCDB4B-6953-4E2F-B375-03F3C384F207}.Debug|iPhone.Build.0 = Debug|iPhone
		{B4CCDB4B-6953-4E2F-B375-03F3C384F207}.Debug|iPhoneSimulator.ActiveCfg = Debug|iPhoneSimulator
		{B4CCDB4B-6953-4E2F-B375-03F3C384F207}.Debug|iPhoneSimulator.Build.0 = Debug|iPhoneSimulator
		{B4CCDB4B-6953-4E2F-B375-03F3C384F207}.Release|iPhone.ActiveCfg = Release|iPhone
		{B4CCDB4B-6953-4E2F-B375-03F3C384F207}.Release|iPhone.Build.0 = Release|iPhone
		{B4CCDB4B-6953-4E2F-B375-03F3C384F207}.Release|iPhoneSimulator.ActiveCfg = Release|iPhoneSimulator
		{B4CCDB4B-6953-4E2F-B375-03F3C384F207}.Release|iPhoneSimulator.Build.0 = Release|iPhoneSimulator
	EndGlobalSection
	GlobalSection(MonoDevelopProperties) = preSolution
		StartupItem = Source\Bodo\Bodo.csproj
	EndGlobalSection
EndGlobal
