
Microsoft Visual Studio Solution File, Format Version 12.00
# Visual Studio 2013
VisualStudioVersion = 12.0.31101.0
MinimumVisualStudioVersion = 10.0.40219.1
Project("{FAE04EC0-301F-11D3-BF4B-00C04F79EFBC}") = "Dojo", "Source\Dojo\Dojo.csproj", "{6EE9ADA8-939D-4C68-9860-9C6EB5169C72}"
EndProject
Project("{FAE04EC0-301F-11D3-BF4B-00C04F79EFBC}") = "MonoTouch.SlideoutNavigation", "Source\MonoTouch.SlideoutNavigation\MonoTouch.SlideoutNavigation.csproj", "{6D7B9B53-CFEF-46BE-A608-14A4A1381CF6}"
EndProject
Project("{FAE04EC0-301F-11D3-BF4B-00C04F79EFBC}") = "Core", "Source\Core\Core.csproj", "{6D39D05E-6C52-457E-AA26-9AC2E3691D01}"
EndProject
Project("{FAE04EC0-301F-11D3-BF4B-00C04F79EFBC}") = "Domain", "Source\Domain\Domain.csproj", "{FF5282BA-A31A-40AF-9EFF-F5FE8FF07C2B}"
EndProject
Project("{FAE04EC0-301F-11D3-BF4B-00C04F79EFBC}") = "NSTokenView", "Source\NSTokenView\NSTokenView.csproj", "{30F02CC7-2A69-4A23-AEAA-39E96F7D143B}"
EndProject
Global
	GlobalSection(SolutionConfigurationPlatforms) = preSolution
		Ad-Hoc|iPhone = Ad-Hoc|iPhone
		Ad-Hoc|iPhoneSimulator = Ad-Hoc|iPhoneSimulator
		AppStore|iPhone = AppStore|iPhone
		AppStore|iPhoneSimulator = AppStore|iPhoneSimulator
		Debug|iPhone = Debug|iPhone
		Debug|iPhoneSimulator = Debug|iPhoneSimulator
		Release|iPhone = Release|iPhone
		Release|iPhoneSimulator = Release|iPhoneSimulator
	EndGlobalSection
	GlobalSection(ProjectConfigurationPlatforms) = postSolution
		{6EE9ADA8-939D-4C68-9860-9C6EB5169C72}.Ad-Hoc|iPhone.ActiveCfg = Ad-Hoc|iPhone
		{6EE9ADA8-939D-4C68-9860-9C6EB5169C72}.Ad-Hoc|iPhone.Build.0 = Ad-Hoc|iPhone
		{6EE9ADA8-939D-4C68-9860-9C6EB5169C72}.Ad-Hoc|iPhoneSimulator.ActiveCfg = Ad-Hoc|iPhoneSimulator
		{6EE9ADA8-939D-4C68-9860-9C6EB5169C72}.Ad-Hoc|iPhoneSimulator.Build.0 = Ad-Hoc|iPhoneSimulator
		{6EE9ADA8-939D-4C68-9860-9C6EB5169C72}.AppStore|iPhone.ActiveCfg = AppStore|iPhone
		{6EE9ADA8-939D-4C68-9860-9C6EB5169C72}.AppStore|iPhone.Build.0 = AppStore|iPhone
		{6EE9ADA8-939D-4C68-9860-9C6EB5169C72}.AppStore|iPhoneSimulator.ActiveCfg = AppStore|iPhoneSimulator
		{6EE9ADA8-939D-4C68-9860-9C6EB5169C72}.AppStore|iPhoneSimulator.Build.0 = AppStore|iPhoneSimulator
		{6EE9ADA8-939D-4C68-9860-9C6EB5169C72}.Debug|iPhone.ActiveCfg = Debug|iPhone
		{6EE9ADA8-939D-4C68-9860-9C6EB5169C72}.Debug|iPhone.Build.0 = Debug|iPhone
		{6EE9ADA8-939D-4C68-9860-9C6EB5169C72}.Debug|iPhoneSimulator.ActiveCfg = Debug|iPhoneSimulator
		{6EE9ADA8-939D-4C68-9860-9C6EB5169C72}.Debug|iPhoneSimulator.Build.0 = Debug|iPhoneSimulator
		{6EE9ADA8-939D-4C68-9860-9C6EB5169C72}.Release|iPhone.ActiveCfg = Release|iPhone
		{6EE9ADA8-939D-4C68-9860-9C6EB5169C72}.Release|iPhone.Build.0 = Release|iPhone
		{6EE9ADA8-939D-4C68-9860-9C6EB5169C72}.Release|iPhoneSimulator.ActiveCfg = Release|iPhoneSimulator
		{6EE9ADA8-939D-4C68-9860-9C6EB5169C72}.Release|iPhoneSimulator.Build.0 = Release|iPhoneSimulator
		{6D7B9B53-CFEF-46BE-A608-14A4A1381CF6}.Ad-Hoc|iPhone.ActiveCfg = Release|Any CPU
		{6D7B9B53-CFEF-46BE-A608-14A4A1381CF6}.Ad-Hoc|iPhone.Build.0 = Release|Any CPU
		{6D7B9B53-CFEF-46BE-A608-14A4A1381CF6}.Ad-Hoc|iPhoneSimulator.ActiveCfg = Debug|Any CPU
		{6D7B9B53-CFEF-46BE-A608-14A4A1381CF6}.AppStore|iPhone.ActiveCfg = Release|Any CPU
		{6D7B9B53-CFEF-46BE-A608-14A4A1381CF6}.AppStore|iPhone.Build.0 = Release|Any CPU
		{6D7B9B53-CFEF-46BE-A608-14A4A1381CF6}.AppStore|iPhoneSimulator.ActiveCfg = Debug|Any CPU
		{6D7B9B53-CFEF-46BE-A608-14A4A1381CF6}.Debug|iPhone.ActiveCfg = Debug|Any CPU
		{6D7B9B53-CFEF-46BE-A608-14A4A1381CF6}.Debug|iPhone.Build.0 = Debug|Any CPU
		{6D7B9B53-CFEF-46BE-A608-14A4A1381CF6}.Debug|iPhoneSimulator.ActiveCfg = Debug|Any CPU
		{6D7B9B53-CFEF-46BE-A608-14A4A1381CF6}.Debug|iPhoneSimulator.Build.0 = Debug|Any CPU
		{6D7B9B53-CFEF-46BE-A608-14A4A1381CF6}.Release|iPhone.ActiveCfg = Release|Any CPU
		{6D7B9B53-CFEF-46BE-A608-14A4A1381CF6}.Release|iPhone.Build.0 = Release|Any CPU
		{6D7B9B53-CFEF-46BE-A608-14A4A1381CF6}.Release|iPhoneSimulator.ActiveCfg = Release|Any CPU
		{6D7B9B53-CFEF-46BE-A608-14A4A1381CF6}.Release|iPhoneSimulator.Build.0 = Release|Any CPU
		{6D39D05E-6C52-457E-AA26-9AC2E3691D01}.Ad-Hoc|iPhone.ActiveCfg = Release|Any CPU
		{6D39D05E-6C52-457E-AA26-9AC2E3691D01}.Ad-Hoc|iPhone.Build.0 = Release|Any CPU
		{6D39D05E-6C52-457E-AA26-9AC2E3691D01}.Ad-Hoc|iPhoneSimulator.ActiveCfg = Debug|Any CPU
		{6D39D05E-6C52-457E-AA26-9AC2E3691D01}.AppStore|iPhone.ActiveCfg = Release|Any CPU
		{6D39D05E-6C52-457E-AA26-9AC2E3691D01}.AppStore|iPhone.Build.0 = Release|Any CPU
		{6D39D05E-6C52-457E-AA26-9AC2E3691D01}.AppStore|iPhoneSimulator.ActiveCfg = Debug|Any CPU
		{6D39D05E-6C52-457E-AA26-9AC2E3691D01}.Debug|iPhone.ActiveCfg = Debug|Any CPU
		{6D39D05E-6C52-457E-AA26-9AC2E3691D01}.Debug|iPhone.Build.0 = Debug|Any CPU
		{6D39D05E-6C52-457E-AA26-9AC2E3691D01}.Debug|iPhoneSimulator.ActiveCfg = Debug|Any CPU
		{6D39D05E-6C52-457E-AA26-9AC2E3691D01}.Debug|iPhoneSimulator.Build.0 = Debug|Any CPU
		{6D39D05E-6C52-457E-AA26-9AC2E3691D01}.Release|iPhone.ActiveCfg = Release|Any CPU
		{6D39D05E-6C52-457E-AA26-9AC2E3691D01}.Release|iPhone.Build.0 = Release|Any CPU
		{6D39D05E-6C52-457E-AA26-9AC2E3691D01}.Release|iPhoneSimulator.ActiveCfg = Release|Any CPU
		{6D39D05E-6C52-457E-AA26-9AC2E3691D01}.Release|iPhoneSimulator.Build.0 = Release|Any CPU
		{FF5282BA-A31A-40AF-9EFF-F5FE8FF07C2B}.Ad-Hoc|iPhone.ActiveCfg = Release|Any CPU
		{FF5282BA-A31A-40AF-9EFF-F5FE8FF07C2B}.Ad-Hoc|iPhone.Build.0 = Release|Any CPU
		{FF5282BA-A31A-40AF-9EFF-F5FE8FF07C2B}.Ad-Hoc|iPhoneSimulator.ActiveCfg = Debug|Any CPU
		{FF5282BA-A31A-40AF-9EFF-F5FE8FF07C2B}.AppStore|iPhone.ActiveCfg = Release|Any CPU
		{FF5282BA-A31A-40AF-9EFF-F5FE8FF07C2B}.AppStore|iPhone.Build.0 = Release|Any CPU
		{FF5282BA-A31A-40AF-9EFF-F5FE8FF07C2B}.AppStore|iPhoneSimulator.ActiveCfg = Debug|Any CPU
		{FF5282BA-A31A-40AF-9EFF-F5FE8FF07C2B}.Debug|iPhone.ActiveCfg = Debug|Any CPU
		{FF5282BA-A31A-40AF-9EFF-F5FE8FF07C2B}.Debug|iPhone.Build.0 = Debug|Any CPU
		{FF5282BA-A31A-40AF-9EFF-F5FE8FF07C2B}.Debug|iPhoneSimulator.ActiveCfg = Debug|Any CPU
		{FF5282BA-A31A-40AF-9EFF-F5FE8FF07C2B}.Debug|iPhoneSimulator.Build.0 = Debug|Any CPU
		{FF5282BA-A31A-40AF-9EFF-F5FE8FF07C2B}.Release|iPhone.ActiveCfg = Release|Any CPU
		{FF5282BA-A31A-40AF-9EFF-F5FE8FF07C2B}.Release|iPhone.Build.0 = Release|Any CPU
		{FF5282BA-A31A-40AF-9EFF-F5FE8FF07C2B}.Release|iPhoneSimulator.ActiveCfg = Release|Any CPU
		{FF5282BA-A31A-40AF-9EFF-F5FE8FF07C2B}.Release|iPhoneSimulator.Build.0 = Release|Any CPU
		{30F02CC7-2A69-4A23-AEAA-39E96F7D143B}.Ad-Hoc|iPhone.ActiveCfg = Release|Any CPU
		{30F02CC7-2A69-4A23-AEAA-39E96F7D143B}.Ad-Hoc|iPhone.Build.0 = Release|Any CPU
		{30F02CC7-2A69-4A23-AEAA-39E96F7D143B}.Ad-Hoc|iPhoneSimulator.ActiveCfg = Debug|Any CPU
		{30F02CC7-2A69-4A23-AEAA-39E96F7D143B}.AppStore|iPhone.ActiveCfg = Release|Any CPU
		{30F02CC7-2A69-4A23-AEAA-39E96F7D143B}.AppStore|iPhone.Build.0 = Release|Any CPU
		{30F02CC7-2A69-4A23-AEAA-39E96F7D143B}.AppStore|iPhoneSimulator.ActiveCfg = Debug|Any CPU
		{30F02CC7-2A69-4A23-AEAA-39E96F7D143B}.Debug|iPhone.ActiveCfg = Debug|Any CPU
		{30F02CC7-2A69-4A23-AEAA-39E96F7D143B}.Debug|iPhone.Build.0 = Debug|Any CPU
		{30F02CC7-2A69-4A23-AEAA-39E96F7D143B}.Debug|iPhoneSimulator.ActiveCfg = Debug|Any CPU
		{30F02CC7-2A69-4A23-AEAA-39E96F7D143B}.Debug|iPhoneSimulator.Build.0 = Debug|Any CPU
		{30F02CC7-2A69-4A23-AEAA-39E96F7D143B}.Release|iPhone.ActiveCfg = Release|Any CPU
		{30F02CC7-2A69-4A23-AEAA-39E96F7D143B}.Release|iPhone.Build.0 = Release|Any CPU
		{30F02CC7-2A69-4A23-AEAA-39E96F7D143B}.Release|iPhoneSimulator.ActiveCfg = Release|Any CPU
		{30F02CC7-2A69-4A23-AEAA-39E96F7D143B}.Release|iPhoneSimulator.Build.0 = Release|Any CPU
	EndGlobalSection
	GlobalSection(SolutionProperties) = preSolution
		HideSolutionNode = FALSE
	EndGlobalSection
EndGlobal
